
Microsoft Visual Studio Solution File, Format Version 12.00
# Visual Studio Version 16
VisualStudioVersion = 16.0.31129.286
MinimumVisualStudioVersion = 10.0.40219.1
Project("{9A19103F-16F7-4668-BE54-9A1E7A4F7556}") = "CursoOnline.Dominio.Test", "test\CursoOnline.Dominio.Test\CursoOnline.Dominio.Test.csproj", "{11CA2EE9-4234-4F7B-8763-7AE1A2AF09CA}"
EndProject
Project("{9A19103F-16F7-4668-BE54-9A1E7A4F7556}") = "CursoOnline.Dominio", "src\CursoOnline.Dominio\CursoOnline.Dominio.csproj", "{16BB1D3E-5809-4BD8-9322-1A8889C693EF}"
EndProject
Project("{FAE04EC0-301F-11D3-BF4B-00C04F79EFBC}") = "CursoOnline.Web", "CursoOnline.Web\CursoOnline.Web.csproj", "{F0F332FF-16DD-4E34-B256-3C218DD57926}"
EndProject
Project("{FAE04EC0-301F-11D3-BF4B-00C04F79EFBC}") = "CursoOnline.Dados", "CursoOnline.Dados\CursoOnline.Dados.csproj", "{062E8B6C-6465-4FD4-A2D8-EE30809E72F9}"
EndProject
Project("{FAE04EC0-301F-11D3-BF4B-00C04F79EFBC}") = "CursoOnline.Ioc", "CursoOnline.Ioc\CursoOnline.Ioc.csproj", "{E6872CF4-161D-4D32-900C-20DE01D80DBD}"
EndProject
Global
	GlobalSection(SolutionConfigurationPlatforms) = preSolution
		Debug|Any CPU = Debug|Any CPU
		Release|Any CPU = Release|Any CPU
	EndGlobalSection
	GlobalSection(ProjectConfigurationPlatforms) = postSolution
		{11CA2EE9-4234-4F7B-8763-7AE1A2AF09CA}.Debug|Any CPU.ActiveCfg = Debug|Any CPU
		{11CA2EE9-4234-4F7B-8763-7AE1A2AF09CA}.Debug|Any CPU.Build.0 = Debug|Any CPU
		{11CA2EE9-4234-4F7B-8763-7AE1A2AF09CA}.Release|Any CPU.ActiveCfg = Release|Any CPU
		{11CA2EE9-4234-4F7B-8763-7AE1A2AF09CA}.Release|Any CPU.Build.0 = Release|Any CPU
		{16BB1D3E-5809-4BD8-9322-1A8889C693EF}.Debug|Any CPU.ActiveCfg = Debug|Any CPU
		{16BB1D3E-5809-4BD8-9322-1A8889C693EF}.Debug|Any CPU.Build.0 = Debug|Any CPU
		{16BB1D3E-5809-4BD8-9322-1A8889C693EF}.Release|Any CPU.ActiveCfg = Release|Any CPU
		{16BB1D3E-5809-4BD8-9322-1A8889C693EF}.Release|Any CPU.Build.0 = Release|Any CPU
		{F0F332FF-16DD-4E34-B256-3C218DD57926}.Debug|Any CPU.ActiveCfg = Debug|Any CPU
		{F0F332FF-16DD-4E34-B256-3C218DD57926}.Debug|Any CPU.Build.0 = Debug|Any CPU
		{F0F332FF-16DD-4E34-B256-3C218DD57926}.Release|Any CPU.ActiveCfg = Release|Any CPU
		{F0F332FF-16DD-4E34-B256-3C218DD57926}.Release|Any CPU.Build.0 = Release|Any CPU
		{062E8B6C-6465-4FD4-A2D8-EE30809E72F9}.Debug|Any CPU.ActiveCfg = Debug|Any CPU
		{062E8B6C-6465-4FD4-A2D8-EE30809E72F9}.Debug|Any CPU.Build.0 = Debug|Any CPU
		{062E8B6C-6465-4FD4-A2D8-EE30809E72F9}.Release|Any CPU.ActiveCfg = Release|Any CPU
		{062E8B6C-6465-4FD4-A2D8-EE30809E72F9}.Release|Any CPU.Build.0 = Release|Any CPU
		{E6872CF4-161D-4D32-900C-20DE01D80DBD}.Debug|Any CPU.ActiveCfg = Debug|Any CPU
		{E6872CF4-161D-4D32-900C-20DE01D80DBD}.Debug|Any CPU.Build.0 = Debug|Any CPU
		{E6872CF4-161D-4D32-900C-20DE01D80DBD}.Release|Any CPU.ActiveCfg = Release|Any CPU
		{E6872CF4-161D-4D32-900C-20DE01D80DBD}.Release|Any CPU.Build.0 = Release|Any CPU
	EndGlobalSection
	GlobalSection(SolutionProperties) = preSolution
		HideSolutionNode = FALSE
	EndGlobalSection
	GlobalSection(ExtensibilityGlobals) = postSolution
		SolutionGuid = {48B44294-79A5-47CD-B5E5-EC6EC4DC56CF}
	EndGlobalSection
EndGlobal
